
Microsoft Visual Studio Solution File, Format Version 12.00
# Visual Studio Version 17
VisualStudioVersion = 17.0.31903.59
MinimumVisualStudioVersion = 10.0.40219.1
Project("{2150E333-8FDC-42A3-9474-1A3956D46DE8}") = "src", "src", "{0AA50476-C930-41B0-BF5C-9EE1F45CC578}"
EndProject
Project("{FAE04EC0-301F-11D3-BF4B-00C04F79EFBC}") = "WebApp", "src\WebApp\WebApp.csproj", "{C7D868DE-5686-44EF-9220-5AAF0DAB6956}"
EndProject
Project("{FAE04EC0-301F-11D3-BF4B-00C04F79EFBC}") = "ProxyApp", "src\ProxyApp\ProxyApp.csproj", "{171FD837-5376-4BE4-8384-77E255499B28}"
EndProject
Project("{FAE04EC0-301F-11D3-BF4B-00C04F79EFBC}") = "ApiApp", "src\ApiApp\ApiApp.csproj", "{EA609158-3A05-4A7B-8380-7E72954A0C7C}"
EndProject
Global
	GlobalSection(SolutionConfigurationPlatforms) = preSolution
		Debug|Any CPU = Debug|Any CPU
		Release|Any CPU = Release|Any CPU
	EndGlobalSection
	GlobalSection(SolutionProperties) = preSolution
		HideSolutionNode = FALSE
	EndGlobalSection
	GlobalSection(ProjectConfigurationPlatforms) = postSolution
		{C7D868DE-5686-44EF-9220-5AAF0DAB6956}.Debug|Any CPU.ActiveCfg = Debug|Any CPU
		{C7D868DE-5686-44EF-9220-5AAF0DAB6956}.Debug|Any CPU.Build.0 = Debug|Any CPU
		{C7D868DE-5686-44EF-9220-5AAF0DAB6956}.Release|Any CPU.ActiveCfg = Release|Any CPU
		{C7D868DE-5686-44EF-9220-5AAF0DAB6956}.Release|Any CPU.Build.0 = Release|Any CPU
		{171FD837-5376-4BE4-8384-77E255499B28}.Debug|Any CPU.ActiveCfg = Debug|Any CPU
		{171FD837-5376-4BE4-8384-77E255499B28}.Debug|Any CPU.Build.0 = Debug|Any CPU
		{171FD837-5376-4BE4-8384-77E255499B28}.Release|Any CPU.ActiveCfg = Release|Any CPU
		{171FD837-5376-4BE4-8384-77E255499B28}.Release|Any CPU.Build.0 = Release|Any CPU
		{EA609158-3A05-4A7B-8380-7E72954A0C7C}.Debug|Any CPU.ActiveCfg = Debug|Any CPU
		{EA609158-3A05-4A7B-8380-7E72954A0C7C}.Debug|Any CPU.Build.0 = Debug|Any CPU
		{EA609158-3A05-4A7B-8380-7E72954A0C7C}.Release|Any CPU.ActiveCfg = Release|Any CPU
		{EA609158-3A05-4A7B-8380-7E72954A0C7C}.Release|Any CPU.Build.0 = Release|Any CPU
	EndGlobalSection
	GlobalSection(NestedProjects) = preSolution
		{C7D868DE-5686-44EF-9220-5AAF0DAB6956} = {0AA50476-C930-41B0-BF5C-9EE1F45CC578}
		{171FD837-5376-4BE4-8384-77E255499B28} = {0AA50476-C930-41B0-BF5C-9EE1F45CC578}
		{EA609158-3A05-4A7B-8380-7E72954A0C7C} = {0AA50476-C930-41B0-BF5C-9EE1F45CC578}
	EndGlobalSection
EndGlobal
