
Microsoft Visual Studio Solution File, Format Version 12.00
# Visual Studio Version 17
VisualStudioVersion = 17.0.31903.59
MinimumVisualStudioVersion = 10.0.40219.1
Project("{FAE04EC0-301F-11D3-BF4B-00C04F79EFBC}") = "YouTubeSummariser.WebApp", "YouTubeSummariser.WebApp\YouTubeSummariser.WebApp.csproj", "{2A80D0C9-10C7-4492-B4AD-24FCE30FD206}"
EndProject
Global
	GlobalSection(SolutionConfigurationPlatforms) = preSolution
		Debug|Any CPU = Debug|Any CPU
		Release|Any CPU = Release|Any CPU
	EndGlobalSection
	GlobalSection(SolutionProperties) = preSolution
		HideSolutionNode = FALSE
	EndGlobalSection
	GlobalSection(ProjectConfigurationPlatforms) = postSolution
		{2A80D0C9-10C7-4492-B4AD-24FCE30FD206}.Debug|Any CPU.ActiveCfg = Debug|Any CPU
		{2A80D0C9-10C7-4492-B4AD-24FCE30FD206}.Debug|Any CPU.Build.0 = Debug|Any CPU
		{2A80D0C9-10C7-4492-B4AD-24FCE30FD206}.Release|Any CPU.ActiveCfg = Release|Any CPU
		{2A80D0C9-10C7-4492-B4AD-24FCE30FD206}.Release|Any CPU.Build.0 = Release|Any CPU
	EndGlobalSection
EndGlobal
