
Microsoft Visual Studio Solution File, Format Version 12.00
# Visual Studio Version 17
VisualStudioVersion = 17.3.32929.385
MinimumVisualStudioVersion = 10.0.40219.1
Project("{2150E333-8FDC-42A3-9474-1A3956D46DE8}") = "Signal Processing", "Signal Processing", "{9B1D6975-333C-4799-BF5B-E8B14E485FA5}"
EndProject
Project("{2150E333-8FDC-42A3-9474-1A3956D46DE8}") = "Resume Service Api", "Resume Service Api", "{D6EFE0E7-1E4D-49B6-892D-7C8508CB840B}"
EndProject
Project("{9A19103F-16F7-4668-BE54-9A1E7A4F7556}") = "api", "Resume-backend\api.csproj", "{31AB509A-556D-4C3F-A6AE-C42C2B6A21AB}"
EndProject
Project("{FAE04EC0-301F-11D3-BF4B-00C04F79EFBC}") = "ResumeServiceApi.Tests", "ResumeServiceApi.Tests\ResumeServiceApi.Tests.csproj", "{27F1BAE4-68D5-48F0-8529-E19A72B4D8A8}"
EndProject
Project("{9A19103F-16F7-4668-BE54-9A1E7A4F7556}") = "SignalProcessing", "SignalProcessing\SignalProcessing.csproj", "{9115DEC4-D812-4799-A3FA-5B0A7A71B5EF}"
EndProject
Project("{FAE04EC0-301F-11D3-BF4B-00C04F79EFBC}") = "SignalProcessing.Tests", "SignalProcessing.Tests\SignalProcessing.Tests.csproj", "{46526ABB-894C-438B-8B0C-1D87858801CF}"
EndProject
Global
	GlobalSection(SolutionConfigurationPlatforms) = preSolution
		Debug|Any CPU = Debug|Any CPU
		Release|Any CPU = Release|Any CPU
	EndGlobalSection
	GlobalSection(ProjectConfigurationPlatforms) = postSolution
		{31AB509A-556D-4C3F-A6AE-C42C2B6A21AB}.Debug|Any CPU.ActiveCfg = Debug|Any CPU
		{31AB509A-556D-4C3F-A6AE-C42C2B6A21AB}.Debug|Any CPU.Build.0 = Debug|Any CPU
		{31AB509A-556D-4C3F-A6AE-C42C2B6A21AB}.Release|Any CPU.ActiveCfg = Release|Any CPU
		{31AB509A-556D-4C3F-A6AE-C42C2B6A21AB}.Release|Any CPU.Build.0 = Release|Any CPU
		{27F1BAE4-68D5-48F0-8529-E19A72B4D8A8}.Debug|Any CPU.ActiveCfg = Debug|Any CPU
		{27F1BAE4-68D5-48F0-8529-E19A72B4D8A8}.Debug|Any CPU.Build.0 = Debug|Any CPU
		{27F1BAE4-68D5-48F0-8529-E19A72B4D8A8}.Release|Any CPU.ActiveCfg = Release|Any CPU
		{27F1BAE4-68D5-48F0-8529-E19A72B4D8A8}.Release|Any CPU.Build.0 = Release|Any CPU
		{9115DEC4-D812-4799-A3FA-5B0A7A71B5EF}.Debug|Any CPU.ActiveCfg = Debug|Any CPU
		{9115DEC4-D812-4799-A3FA-5B0A7A71B5EF}.Debug|Any CPU.Build.0 = Debug|Any CPU
		{9115DEC4-D812-4799-A3FA-5B0A7A71B5EF}.Release|Any CPU.ActiveCfg = Release|Any CPU
		{9115DEC4-D812-4799-A3FA-5B0A7A71B5EF}.Release|Any CPU.Build.0 = Release|Any CPU
		{46526ABB-894C-438B-8B0C-1D87858801CF}.Debug|Any CPU.ActiveCfg = Debug|Any CPU
		{46526ABB-894C-438B-8B0C-1D87858801CF}.Debug|Any CPU.Build.0 = Debug|Any CPU
		{46526ABB-894C-438B-8B0C-1D87858801CF}.Release|Any CPU.ActiveCfg = Release|Any CPU
		{46526ABB-894C-438B-8B0C-1D87858801CF}.Release|Any CPU.Build.0 = Release|Any CPU
	EndGlobalSection
	GlobalSection(SolutionProperties) = preSolution
		HideSolutionNode = FALSE
	EndGlobalSection
	GlobalSection(NestedProjects) = preSolution
		{31AB509A-556D-4C3F-A6AE-C42C2B6A21AB} = {D6EFE0E7-1E4D-49B6-892D-7C8508CB840B}
		{27F1BAE4-68D5-48F0-8529-E19A72B4D8A8} = {D6EFE0E7-1E4D-49B6-892D-7C8508CB840B}
		{9115DEC4-D812-4799-A3FA-5B0A7A71B5EF} = {9B1D6975-333C-4799-BF5B-E8B14E485FA5}
		{46526ABB-894C-438B-8B0C-1D87858801CF} = {9B1D6975-333C-4799-BF5B-E8B14E485FA5}
	EndGlobalSection
	GlobalSection(ExtensibilityGlobals) = postSolution
		SolutionGuid = {4C1B5F07-ED4D-47A2-8AED-AA14ADB0F6DA}
	EndGlobalSection
EndGlobal
