Microsoft Visual Studio Solution File, Format Version 12.00
# Visual Studio 2012
Project("{FAE04EC0-301F-11D3-BF4B-00C04F79EFBC}") = "GodotPaddle", "GodotPaddle.csproj", "{69BE6294-E81F-4187-A5F6-1F227551B632}"
EndProject
Global
	GlobalSection(SolutionConfigurationPlatforms) = preSolution
	Debug|Any CPU = Debug|Any CPU
	ExportDebug|Any CPU = ExportDebug|Any CPU
	ExportRelease|Any CPU = ExportRelease|Any CPU
	EndGlobalSection
	GlobalSection(ProjectConfigurationPlatforms) = postSolution
		{69BE6294-E81F-4187-A5F6-1F227551B632}.Debug|Any CPU.ActiveCfg = Debug|Any CPU
		{69BE6294-E81F-4187-A5F6-1F227551B632}.Debug|Any CPU.Build.0 = Debug|Any CPU
		{69BE6294-E81F-4187-A5F6-1F227551B632}.ExportDebug|Any CPU.ActiveCfg = ExportDebug|Any CPU
		{69BE6294-E81F-4187-A5F6-1F227551B632}.ExportDebug|Any CPU.Build.0 = ExportDebug|Any CPU
		{69BE6294-E81F-4187-A5F6-1F227551B632}.ExportRelease|Any CPU.ActiveCfg = ExportRelease|Any CPU
		{69BE6294-E81F-4187-A5F6-1F227551B632}.ExportRelease|Any CPU.Build.0 = ExportRelease|Any CPU
	EndGlobalSection
EndGlobal
